
Microsoft Visual Studio Solution File, Format Version 12.00
# Visual Studio Version 17
VisualStudioVersion = 17.9.34728.123
MinimumVisualStudioVersion = 10.0.40219.1
Project("{9A19103F-16F7-4668-BE54-9A1E7A4F7556}") = "Switch-Oppgaver", "Switch\Switch-Oppgaver.csproj", "{6A9C25CE-5B6A-4726-AD02-F3DB66A6587E}"
EndProject
Global
	GlobalSection(SolutionConfigurationPlatforms) = preSolution
		Debug|Any CPU = Debug|Any CPU
		Release|Any CPU = Release|Any CPU
	EndGlobalSection
	GlobalSection(ProjectConfigurationPlatforms) = postSolution
		{6A9C25CE-5B6A-4726-AD02-F3DB66A6587E}.Debug|Any CPU.ActiveCfg = Debug|Any CPU
		{6A9C25CE-5B6A-4726-AD02-F3DB66A6587E}.Debug|Any CPU.Build.0 = Debug|Any CPU
		{6A9C25CE-5B6A-4726-AD02-F3DB66A6587E}.Release|Any CPU.ActiveCfg = Release|Any CPU
		{6A9C25CE-5B6A-4726-AD02-F3DB66A6587E}.Release|Any CPU.Build.0 = Release|Any CPU
	EndGlobalSection
	GlobalSection(SolutionProperties) = preSolution
		HideSolutionNode = FALSE
	EndGlobalSection
	GlobalSection(ExtensibilityGlobals) = postSolution
		SolutionGuid = {0B99AAE7-C256-4DC1-B434-F442DABF180A}
	EndGlobalSection
EndGlobal
